
Microsoft Visual Studio Solution File, Format Version 12.00
# Visual Studio Version 17
VisualStudioVersion = 17.11.35303.130
MinimumVisualStudioVersion = 10.0.40219.1
Project("{2150E333-8FDC-42A3-9474-1A3956D46DE8}") = "Task0", "Task0", "{C7993FFB-7678-4FC9-9748-1207C9EC47F2}"
EndProject
Project("{9A19103F-16F7-4668-BE54-9A1E7A4F7556}") = "Tyuiu.BrezinaYS.Sprint6.Task0.V26.Lib", "Tyuiu.BrezinaYS.Sprint6.Task0.V26.Lib\Tyuiu.BrezinaYS.Sprint6.Task0.V26.Lib.csproj", "{7371650E-7AF6-491C-B302-61BFC02C473A}"
EndProject
Project("{9A19103F-16F7-4668-BE54-9A1E7A4F7556}") = "Tyuiu.BrezinaYS.Sprint6.Task0.V26.Test", "Tyuiu.BrezinaYS.Sprint6.Task0.V26.Test\Tyuiu.BrezinaYS.Sprint6.Task0.V26.Test.csproj", "{4FCAED83-5FB3-427D-AC70-5CB4005B29C1}"
EndProject
Project("{9A19103F-16F7-4668-BE54-9A1E7A4F7556}") = "Tyuiu.BrezinaYS.Sprint6.Task0.V26", "Tyuiu.BrezinaYS.Sprint6.Task0.V26\Tyuiu.BrezinaYS.Sprint6.Task0.V26.csproj", "{A3E71151-E669-4468-9431-BF9071C16718}"
EndProject
Project("{2150E333-8FDC-42A3-9474-1A3956D46DE8}") = "Task1", "Task1", "{1BDA9EE8-11EE-440A-BA41-ADD31846FFF7}"
EndProject
Project("{9A19103F-16F7-4668-BE54-9A1E7A4F7556}") = "Tyuiu.BrezinaYS.Sprint6.Task1.V28.Lib", "Tyuiu.BrezinaYS.Sprint6.Task1.V28.Lib\Tyuiu.BrezinaYS.Sprint6.Task1.V28.Lib.csproj", "{77545DA5-AA72-453C-8E5F-BC6C0FD0CA58}"
EndProject
Project("{9A19103F-16F7-4668-BE54-9A1E7A4F7556}") = "Tyuiu.BrezinaYS.Sprint6.Task1.V28.Test", "Tyuiu.BrezinaYS.Sprint6.Task1.V28.Test\Tyuiu.BrezinaYS.Sprint6.Task1.V28.Test.csproj", "{E60EFC8A-E1B4-48FB-B050-3A49A2A269B0}"
EndProject
Project("{9A19103F-16F7-4668-BE54-9A1E7A4F7556}") = "Tyuiu.BrezinaYS.Sprint6.Task1.V28", "Tyuiu.BrezinaYS.Sprint6.Task1.V28\Tyuiu.BrezinaYS.Sprint6.Task1.V28.csproj", "{D19F496D-1E0F-4130-8700-A0DBCAA01115}"
EndProject
Project("{2150E333-8FDC-42A3-9474-1A3956D46DE8}") = "Task2", "Task2", "{F6320934-4554-415D-B160-7951DCB7ABA9}"
EndProject
Project("{FAE04EC0-301F-11D3-BF4B-00C04F79EFBC}") = "Tyuiu.BrezinaYS.Sprint6.Task2.V3.Lib", "Tyuiu.BrezinaYS.Sprint6.Task2.V3.Lib\Tyuiu.BrezinaYS.Sprint6.Task2.V3.Lib.csproj", "{18DAA06D-D925-4340-B10D-A76695D97F1E}"
EndProject
Project("{FAE04EC0-301F-11D3-BF4B-00C04F79EFBC}") = "Tyuiu.BrezinaYS.Sprint6.Task2.V3.Test", "Tyuiu.BrezinaYS.Sprint6.Task2.V3.Test\Tyuiu.BrezinaYS.Sprint6.Task2.V3.Test.csproj", "{C003383C-A64A-43BA-91CB-F11B39835B63}"
EndProject
Project("{FAE04EC0-301F-11D3-BF4B-00C04F79EFBC}") = "Tyuiu.BrezinaYS.Sprint6.Task2.V3", "Tyuiu.BrezinaYS.Sprint6.Task2.V3\Tyuiu.BrezinaYS.Sprint6.Task2.V3.csproj", "{AF6D8705-1B28-43AD-A53A-D5101E635AE1}"
EndProject
Global
	GlobalSection(SolutionConfigurationPlatforms) = preSolution
		Debug|Any CPU = Debug|Any CPU
		Release|Any CPU = Release|Any CPU
	EndGlobalSection
	GlobalSection(ProjectConfigurationPlatforms) = postSolution
		{7371650E-7AF6-491C-B302-61BFC02C473A}.Debug|Any CPU.ActiveCfg = Debug|Any CPU
		{7371650E-7AF6-491C-B302-61BFC02C473A}.Debug|Any CPU.Build.0 = Debug|Any CPU
		{7371650E-7AF6-491C-B302-61BFC02C473A}.Release|Any CPU.ActiveCfg = Release|Any CPU
		{7371650E-7AF6-491C-B302-61BFC02C473A}.Release|Any CPU.Build.0 = Release|Any CPU
		{4FCAED83-5FB3-427D-AC70-5CB4005B29C1}.Debug|Any CPU.ActiveCfg = Debug|Any CPU
		{4FCAED83-5FB3-427D-AC70-5CB4005B29C1}.Debug|Any CPU.Build.0 = Debug|Any CPU
		{4FCAED83-5FB3-427D-AC70-5CB4005B29C1}.Release|Any CPU.ActiveCfg = Release|Any CPU
		{4FCAED83-5FB3-427D-AC70-5CB4005B29C1}.Release|Any CPU.Build.0 = Release|Any CPU
		{A3E71151-E669-4468-9431-BF9071C16718}.Debug|Any CPU.ActiveCfg = Debug|Any CPU
		{A3E71151-E669-4468-9431-BF9071C16718}.Debug|Any CPU.Build.0 = Debug|Any CPU
		{A3E71151-E669-4468-9431-BF9071C16718}.Release|Any CPU.ActiveCfg = Release|Any CPU
		{A3E71151-E669-4468-9431-BF9071C16718}.Release|Any CPU.Build.0 = Release|Any CPU
		{77545DA5-AA72-453C-8E5F-BC6C0FD0CA58}.Debug|Any CPU.ActiveCfg = Debug|Any CPU
		{77545DA5-AA72-453C-8E5F-BC6C0FD0CA58}.Debug|Any CPU.Build.0 = Debug|Any CPU
		{77545DA5-AA72-453C-8E5F-BC6C0FD0CA58}.Release|Any CPU.ActiveCfg = Release|Any CPU
		{77545DA5-AA72-453C-8E5F-BC6C0FD0CA58}.Release|Any CPU.Build.0 = Release|Any CPU
		{E60EFC8A-E1B4-48FB-B050-3A49A2A269B0}.Debug|Any CPU.ActiveCfg = Debug|Any CPU
		{E60EFC8A-E1B4-48FB-B050-3A49A2A269B0}.Debug|Any CPU.Build.0 = Debug|Any CPU
		{E60EFC8A-E1B4-48FB-B050-3A49A2A269B0}.Release|Any CPU.ActiveCfg = Release|Any CPU
		{E60EFC8A-E1B4-48FB-B050-3A49A2A269B0}.Release|Any CPU.Build.0 = Release|Any CPU
		{D19F496D-1E0F-4130-8700-A0DBCAA01115}.Debug|Any CPU.ActiveCfg = Debug|Any CPU
		{D19F496D-1E0F-4130-8700-A0DBCAA01115}.Debug|Any CPU.Build.0 = Debug|Any CPU
		{D19F496D-1E0F-4130-8700-A0DBCAA01115}.Release|Any CPU.ActiveCfg = Release|Any CPU
		{D19F496D-1E0F-4130-8700-A0DBCAA01115}.Release|Any CPU.Build.0 = Release|Any CPU
		{18DAA06D-D925-4340-B10D-A76695D97F1E}.Debug|Any CPU.ActiveCfg = Debug|Any CPU
		{18DAA06D-D925-4340-B10D-A76695D97F1E}.Debug|Any CPU.Build.0 = Debug|Any CPU
		{18DAA06D-D925-4340-B10D-A76695D97F1E}.Release|Any CPU.ActiveCfg = Release|Any CPU
		{18DAA06D-D925-4340-B10D-A76695D97F1E}.Release|Any CPU.Build.0 = Release|Any CPU
		{C003383C-A64A-43BA-91CB-F11B39835B63}.Debug|Any CPU.ActiveCfg = Debug|Any CPU
		{C003383C-A64A-43BA-91CB-F11B39835B63}.Debug|Any CPU.Build.0 = Debug|Any CPU
		{C003383C-A64A-43BA-91CB-F11B39835B63}.Release|Any CPU.ActiveCfg = Release|Any CPU
		{C003383C-A64A-43BA-91CB-F11B39835B63}.Release|Any CPU.Build.0 = Release|Any CPU
		{AF6D8705-1B28-43AD-A53A-D5101E635AE1}.Debug|Any CPU.ActiveCfg = Debug|Any CPU
		{AF6D8705-1B28-43AD-A53A-D5101E635AE1}.Debug|Any CPU.Build.0 = Debug|Any CPU
		{AF6D8705-1B28-43AD-A53A-D5101E635AE1}.Release|Any CPU.ActiveCfg = Release|Any CPU
		{AF6D8705-1B28-43AD-A53A-D5101E635AE1}.Release|Any CPU.Build.0 = Release|Any CPU
	EndGlobalSection
	GlobalSection(SolutionProperties) = preSolution
		HideSolutionNode = FALSE
	EndGlobalSection
	GlobalSection(NestedProjects) = preSolution
		{7371650E-7AF6-491C-B302-61BFC02C473A} = {C7993FFB-7678-4FC9-9748-1207C9EC47F2}
		{4FCAED83-5FB3-427D-AC70-5CB4005B29C1} = {C7993FFB-7678-4FC9-9748-1207C9EC47F2}
		{A3E71151-E669-4468-9431-BF9071C16718} = {C7993FFB-7678-4FC9-9748-1207C9EC47F2}
		{77545DA5-AA72-453C-8E5F-BC6C0FD0CA58} = {1BDA9EE8-11EE-440A-BA41-ADD31846FFF7}
		{E60EFC8A-E1B4-48FB-B050-3A49A2A269B0} = {1BDA9EE8-11EE-440A-BA41-ADD31846FFF7}
		{D19F496D-1E0F-4130-8700-A0DBCAA01115} = {1BDA9EE8-11EE-440A-BA41-ADD31846FFF7}
		{18DAA06D-D925-4340-B10D-A76695D97F1E} = {F6320934-4554-415D-B160-7951DCB7ABA9}
		{C003383C-A64A-43BA-91CB-F11B39835B63} = {F6320934-4554-415D-B160-7951DCB7ABA9}
		{AF6D8705-1B28-43AD-A53A-D5101E635AE1} = {F6320934-4554-415D-B160-7951DCB7ABA9}
	EndGlobalSection
	GlobalSection(ExtensibilityGlobals) = postSolution
		SolutionGuid = {C2B16EF7-3B5B-450F-AE58-0892924CD001}
	EndGlobalSection
EndGlobal
