
Microsoft Visual Studio Solution File, Format Version 12.00
# Visual Studio Version 17
VisualStudioVersion = 17.11.35303.130
MinimumVisualStudioVersion = 10.0.40219.1
Project("{2150E333-8FDC-42A3-9474-1A3956D46DE8}") = "Task0", "Task0", "{C7993FFB-7678-4FC9-9748-1207C9EC47F2}"
EndProject
Project("{9A19103F-16F7-4668-BE54-9A1E7A4F7556}") = "Tyuiu.BrezinaYS.Sprint6.Task0.V26.Lib", "Tyuiu.BrezinaYS.Sprint6.Task0.V26.Lib\Tyuiu.BrezinaYS.Sprint6.Task0.V26.Lib.csproj", "{7371650E-7AF6-491C-B302-61BFC02C473A}"
EndProject
Project("{9A19103F-16F7-4668-BE54-9A1E7A4F7556}") = "Tyuiu.BrezinaYS.Sprint6.Task0.V26.Test", "Tyuiu.BrezinaYS.Sprint6.Task0.V26.Test\Tyuiu.BrezinaYS.Sprint6.Task0.V26.Test.csproj", "{4FCAED83-5FB3-427D-AC70-5CB4005B29C1}"
EndProject
Project("{9A19103F-16F7-4668-BE54-9A1E7A4F7556}") = "Tyuiu.BrezinaYS.Sprint6.Task0.V26", "Tyuiu.BrezinaYS.Sprint6.Task0.V26\Tyuiu.BrezinaYS.Sprint6.Task0.V26.csproj", "{A3E71151-E669-4468-9431-BF9071C16718}"
EndProject
Project("{2150E333-8FDC-42A3-9474-1A3956D46DE8}") = "Task1", "Task1", "{1BDA9EE8-11EE-440A-BA41-ADD31846FFF7}"
EndProject
Project("{9A19103F-16F7-4668-BE54-9A1E7A4F7556}") = "Tyuiu.BrezinaYS.Sprint6.Task1.V28.Lib", "Tyuiu.BrezinaYS.Sprint6.Task1.V28.Lib\Tyuiu.BrezinaYS.Sprint6.Task1.V28.Lib.csproj", "{77545DA5-AA72-453C-8E5F-BC6C0FD0CA58}"
EndProject
Project("{9A19103F-16F7-4668-BE54-9A1E7A4F7556}") = "Tyuiu.BrezinaYS.Sprint6.Task1.V28.Test", "Tyuiu.BrezinaYS.Sprint6.Task1.V28.Test\Tyuiu.BrezinaYS.Sprint6.Task1.V28.Test.csproj", "{E60EFC8A-E1B4-48FB-B050-3A49A2A269B0}"
EndProject
Project("{9A19103F-16F7-4668-BE54-9A1E7A4F7556}") = "Tyuiu.BrezinaYS.Sprint6.Task1.V28", "Tyuiu.BrezinaYS.Sprint6.Task1.V28\Tyuiu.BrezinaYS.Sprint6.Task1.V28.csproj", "{D19F496D-1E0F-4130-8700-A0DBCAA01115}"
EndProject
Project("{2150E333-8FDC-42A3-9474-1A3956D46DE8}") = "Task2", "Task2", "{F6320934-4554-415D-B160-7951DCB7ABA9}"
EndProject
Project("{9A19103F-16F7-4668-BE54-9A1E7A4F7556}") = "Tyuiu.BrezinaYS.Sprint6.Task2.V3.Lib", "Tyuiu.BrezinaYS.Sprint6.Task2.V3.Lib\Tyuiu.BrezinaYS.Sprint6.Task2.V3.Lib.csproj", "{18DAA06D-D925-4340-B10D-A76695D97F1E}"
EndProject
Project("{9A19103F-16F7-4668-BE54-9A1E7A4F7556}") = "Tyuiu.BrezinaYS.Sprint6.Task2.V3.Test", "Tyuiu.BrezinaYS.Sprint6.Task2.V3.Test\Tyuiu.BrezinaYS.Sprint6.Task2.V3.Test.csproj", "{C003383C-A64A-43BA-91CB-F11B39835B63}"
EndProject
Project("{9A19103F-16F7-4668-BE54-9A1E7A4F7556}") = "Tyuiu.BrezinaYS.Sprint6.Task2.V3", "Tyuiu.BrezinaYS.Sprint6.Task2.V3\Tyuiu.BrezinaYS.Sprint6.Task2.V3.csproj", "{AF6D8705-1B28-43AD-A53A-D5101E635AE1}"
EndProject
Project("{2150E333-8FDC-42A3-9474-1A3956D46DE8}") = "Task3", "Task3", "{9C63A850-D5EB-4ED5-AEDA-3C7FF30AD4A0}"
EndProject
Project("{9A19103F-16F7-4668-BE54-9A1E7A4F7556}") = "Tyuiu.BrezinaYS.Sprint6.Task3.V13.Lib", "Tyuiu.BrezinaYS.Sprint6.Task3.V13.Lib\Tyuiu.BrezinaYS.Sprint6.Task3.V13.Lib.csproj", "{B4DA4A7E-6370-47AC-A199-4696CEE60AC7}"
EndProject
Project("{9A19103F-16F7-4668-BE54-9A1E7A4F7556}") = "Tyuiu.BrezinaYS.Sprint6.Task3.V13.Test", "Tyuiu.BrezinaYS.Sprint6.Task3.V13.Test\Tyuiu.BrezinaYS.Sprint6.Task3.V13.Test.csproj", "{8DF06D69-65EF-40C7-B6CB-4C858B871F26}"
EndProject
Project("{9A19103F-16F7-4668-BE54-9A1E7A4F7556}") = "dddd", "dddd\dddd.csproj", "{6413EDE0-DA99-49C4-971C-5FC853EE444F}"
EndProject
Project("{FAE04EC0-301F-11D3-BF4B-00C04F79EFBC}") = "Tyuiu.BrezinaYS.Sprint6.Task3.V13", "Tyuiu.BrezinaYS.Sprint6.Task3.V13\Tyuiu.BrezinaYS.Sprint6.Task3.V13.csproj", "{A4E8FE9A-04C9-4941-AEB2-57044131598C}"
EndProject
Project("{2150E333-8FDC-42A3-9474-1A3956D46DE8}") = "Task4", "Task4", "{4F83D042-5998-41B8-ADAA-E63289EA1CEA}"
EndProject
Project("{FAE04EC0-301F-11D3-BF4B-00C04F79EFBC}") = "Tyuiu.BrezinaYS.Sprint6.Task4.V2.Lib", "Tyuiu.BrezinaYS.Sprint6.Task4.V2.Lib\Tyuiu.BrezinaYS.Sprint6.Task4.V2.Lib.csproj", "{61D62BB1-0DE9-46D6-BF73-0FD20199F9B2}"
EndProject
Project("{FAE04EC0-301F-11D3-BF4B-00C04F79EFBC}") = "Tyuiu.BrezinaYS.Sprint6.Task4.V2.Test", "Tyuiu.BrezinaYS.Sprint6.Task4.V2.Test\Tyuiu.BrezinaYS.Sprint6.Task4.V2.Test.csproj", "{87EB4B6A-85D2-4957-8830-7C76649A9E21}"
EndProject
Project("{FAE04EC0-301F-11D3-BF4B-00C04F79EFBC}") = "Tyuiu.BrezinaYS.Sprint6.Task4.V2", "Tyuiu.BrezinaYS.Sprint6.Task4.V2\Tyuiu.BrezinaYS.Sprint6.Task4.V2.csproj", "{8ACAB8D7-DB75-4A16-9092-96177A56E17A}"
EndProject
Project("{2150E333-8FDC-42A3-9474-1A3956D46DE8}") = "Task5", "Task5", "{8EC647C3-1FFA-468A-9A09-172B018DE4EE}"
EndProject
Project("{FAE04EC0-301F-11D3-BF4B-00C04F79EFBC}") = "Tyuiu.BrezinaYS.Sprint6.Task5.V24.Lib", "Tyuiu.BrezinaYS.Sprint6.Task5.V24.Lib\Tyuiu.BrezinaYS.Sprint6.Task5.V24.Lib.csproj", "{C292B338-6326-4969-8779-832218E10E6B}"
EndProject
Project("{FAE04EC0-301F-11D3-BF4B-00C04F79EFBC}") = "Tyuiu.BrezinaYS.Sprint6.Task5.V24.Test", "Tyuiu.BrezinaYS.Sprint6.Task5.V24.Test\Tyuiu.BrezinaYS.Sprint6.Task5.V24.Test.csproj", "{1B3F3DB1-EA7D-4056-88E6-ECC77EC1A611}"
EndProject
Project("{FAE04EC0-301F-11D3-BF4B-00C04F79EFBC}") = "Tyuiu.BrezinaYS.Sprint6.Task5.V24", "Tyuiu.BrezinaYS.Sprint6.Task5.V24\Tyuiu.BrezinaYS.Sprint6.Task5.V24.csproj", "{901C9E75-4824-4B18-8DFC-F602BA4909BE}"
EndProject
Global
	GlobalSection(SolutionConfigurationPlatforms) = preSolution
		Debug|Any CPU = Debug|Any CPU
		Release|Any CPU = Release|Any CPU
	EndGlobalSection
	GlobalSection(ProjectConfigurationPlatforms) = postSolution
		{7371650E-7AF6-491C-B302-61BFC02C473A}.Debug|Any CPU.ActiveCfg = Debug|Any CPU
		{7371650E-7AF6-491C-B302-61BFC02C473A}.Debug|Any CPU.Build.0 = Debug|Any CPU
		{7371650E-7AF6-491C-B302-61BFC02C473A}.Release|Any CPU.ActiveCfg = Release|Any CPU
		{7371650E-7AF6-491C-B302-61BFC02C473A}.Release|Any CPU.Build.0 = Release|Any CPU
		{4FCAED83-5FB3-427D-AC70-5CB4005B29C1}.Debug|Any CPU.ActiveCfg = Debug|Any CPU
		{4FCAED83-5FB3-427D-AC70-5CB4005B29C1}.Debug|Any CPU.Build.0 = Debug|Any CPU
		{4FCAED83-5FB3-427D-AC70-5CB4005B29C1}.Release|Any CPU.ActiveCfg = Release|Any CPU
		{4FCAED83-5FB3-427D-AC70-5CB4005B29C1}.Release|Any CPU.Build.0 = Release|Any CPU
		{A3E71151-E669-4468-9431-BF9071C16718}.Debug|Any CPU.ActiveCfg = Debug|Any CPU
		{A3E71151-E669-4468-9431-BF9071C16718}.Debug|Any CPU.Build.0 = Debug|Any CPU
		{A3E71151-E669-4468-9431-BF9071C16718}.Release|Any CPU.ActiveCfg = Release|Any CPU
		{A3E71151-E669-4468-9431-BF9071C16718}.Release|Any CPU.Build.0 = Release|Any CPU
		{77545DA5-AA72-453C-8E5F-BC6C0FD0CA58}.Debug|Any CPU.ActiveCfg = Debug|Any CPU
		{77545DA5-AA72-453C-8E5F-BC6C0FD0CA58}.Debug|Any CPU.Build.0 = Debug|Any CPU
		{77545DA5-AA72-453C-8E5F-BC6C0FD0CA58}.Release|Any CPU.ActiveCfg = Release|Any CPU
		{77545DA5-AA72-453C-8E5F-BC6C0FD0CA58}.Release|Any CPU.Build.0 = Release|Any CPU
		{E60EFC8A-E1B4-48FB-B050-3A49A2A269B0}.Debug|Any CPU.ActiveCfg = Debug|Any CPU
		{E60EFC8A-E1B4-48FB-B050-3A49A2A269B0}.Debug|Any CPU.Build.0 = Debug|Any CPU
		{E60EFC8A-E1B4-48FB-B050-3A49A2A269B0}.Release|Any CPU.ActiveCfg = Release|Any CPU
		{E60EFC8A-E1B4-48FB-B050-3A49A2A269B0}.Release|Any CPU.Build.0 = Release|Any CPU
		{D19F496D-1E0F-4130-8700-A0DBCAA01115}.Debug|Any CPU.ActiveCfg = Debug|Any CPU
		{D19F496D-1E0F-4130-8700-A0DBCAA01115}.Debug|Any CPU.Build.0 = Debug|Any CPU
		{D19F496D-1E0F-4130-8700-A0DBCAA01115}.Release|Any CPU.ActiveCfg = Release|Any CPU
		{D19F496D-1E0F-4130-8700-A0DBCAA01115}.Release|Any CPU.Build.0 = Release|Any CPU
		{18DAA06D-D925-4340-B10D-A76695D97F1E}.Debug|Any CPU.ActiveCfg = Debug|Any CPU
		{18DAA06D-D925-4340-B10D-A76695D97F1E}.Debug|Any CPU.Build.0 = Debug|Any CPU
		{18DAA06D-D925-4340-B10D-A76695D97F1E}.Release|Any CPU.ActiveCfg = Release|Any CPU
		{18DAA06D-D925-4340-B10D-A76695D97F1E}.Release|Any CPU.Build.0 = Release|Any CPU
		{C003383C-A64A-43BA-91CB-F11B39835B63}.Debug|Any CPU.ActiveCfg = Debug|Any CPU
		{C003383C-A64A-43BA-91CB-F11B39835B63}.Debug|Any CPU.Build.0 = Debug|Any CPU
		{C003383C-A64A-43BA-91CB-F11B39835B63}.Release|Any CPU.ActiveCfg = Release|Any CPU
		{C003383C-A64A-43BA-91CB-F11B39835B63}.Release|Any CPU.Build.0 = Release|Any CPU
		{AF6D8705-1B28-43AD-A53A-D5101E635AE1}.Debug|Any CPU.ActiveCfg = Debug|Any CPU
		{AF6D8705-1B28-43AD-A53A-D5101E635AE1}.Debug|Any CPU.Build.0 = Debug|Any CPU
		{AF6D8705-1B28-43AD-A53A-D5101E635AE1}.Release|Any CPU.ActiveCfg = Release|Any CPU
		{AF6D8705-1B28-43AD-A53A-D5101E635AE1}.Release|Any CPU.Build.0 = Release|Any CPU
		{B4DA4A7E-6370-47AC-A199-4696CEE60AC7}.Debug|Any CPU.ActiveCfg = Debug|Any CPU
		{B4DA4A7E-6370-47AC-A199-4696CEE60AC7}.Debug|Any CPU.Build.0 = Debug|Any CPU
		{B4DA4A7E-6370-47AC-A199-4696CEE60AC7}.Release|Any CPU.ActiveCfg = Release|Any CPU
		{B4DA4A7E-6370-47AC-A199-4696CEE60AC7}.Release|Any CPU.Build.0 = Release|Any CPU
		{8DF06D69-65EF-40C7-B6CB-4C858B871F26}.Debug|Any CPU.ActiveCfg = Debug|Any CPU
		{8DF06D69-65EF-40C7-B6CB-4C858B871F26}.Debug|Any CPU.Build.0 = Debug|Any CPU
		{8DF06D69-65EF-40C7-B6CB-4C858B871F26}.Release|Any CPU.ActiveCfg = Release|Any CPU
		{8DF06D69-65EF-40C7-B6CB-4C858B871F26}.Release|Any CPU.Build.0 = Release|Any CPU
		{6413EDE0-DA99-49C4-971C-5FC853EE444F}.Debug|Any CPU.ActiveCfg = Debug|Any CPU
		{6413EDE0-DA99-49C4-971C-5FC853EE444F}.Debug|Any CPU.Build.0 = Debug|Any CPU
		{6413EDE0-DA99-49C4-971C-5FC853EE444F}.Release|Any CPU.ActiveCfg = Release|Any CPU
		{6413EDE0-DA99-49C4-971C-5FC853EE444F}.Release|Any CPU.Build.0 = Release|Any CPU
		{A4E8FE9A-04C9-4941-AEB2-57044131598C}.Debug|Any CPU.ActiveCfg = Debug|Any CPU
		{A4E8FE9A-04C9-4941-AEB2-57044131598C}.Debug|Any CPU.Build.0 = Debug|Any CPU
		{A4E8FE9A-04C9-4941-AEB2-57044131598C}.Release|Any CPU.ActiveCfg = Release|Any CPU
		{A4E8FE9A-04C9-4941-AEB2-57044131598C}.Release|Any CPU.Build.0 = Release|Any CPU
		{61D62BB1-0DE9-46D6-BF73-0FD20199F9B2}.Debug|Any CPU.ActiveCfg = Debug|Any CPU
		{61D62BB1-0DE9-46D6-BF73-0FD20199F9B2}.Debug|Any CPU.Build.0 = Debug|Any CPU
		{61D62BB1-0DE9-46D6-BF73-0FD20199F9B2}.Release|Any CPU.ActiveCfg = Release|Any CPU
		{61D62BB1-0DE9-46D6-BF73-0FD20199F9B2}.Release|Any CPU.Build.0 = Release|Any CPU
		{87EB4B6A-85D2-4957-8830-7C76649A9E21}.Debug|Any CPU.ActiveCfg = Debug|Any CPU
		{87EB4B6A-85D2-4957-8830-7C76649A9E21}.Debug|Any CPU.Build.0 = Debug|Any CPU
		{87EB4B6A-85D2-4957-8830-7C76649A9E21}.Release|Any CPU.ActiveCfg = Release|Any CPU
		{87EB4B6A-85D2-4957-8830-7C76649A9E21}.Release|Any CPU.Build.0 = Release|Any CPU
		{8ACAB8D7-DB75-4A16-9092-96177A56E17A}.Debug|Any CPU.ActiveCfg = Debug|Any CPU
		{8ACAB8D7-DB75-4A16-9092-96177A56E17A}.Debug|Any CPU.Build.0 = Debug|Any CPU
		{8ACAB8D7-DB75-4A16-9092-96177A56E17A}.Release|Any CPU.ActiveCfg = Release|Any CPU
		{8ACAB8D7-DB75-4A16-9092-96177A56E17A}.Release|Any CPU.Build.0 = Release|Any CPU
		{C292B338-6326-4969-8779-832218E10E6B}.Debug|Any CPU.ActiveCfg = Debug|Any CPU
		{C292B338-6326-4969-8779-832218E10E6B}.Debug|Any CPU.Build.0 = Debug|Any CPU
		{C292B338-6326-4969-8779-832218E10E6B}.Release|Any CPU.ActiveCfg = Release|Any CPU
		{C292B338-6326-4969-8779-832218E10E6B}.Release|Any CPU.Build.0 = Release|Any CPU
		{1B3F3DB1-EA7D-4056-88E6-ECC77EC1A611}.Debug|Any CPU.ActiveCfg = Debug|Any CPU
		{1B3F3DB1-EA7D-4056-88E6-ECC77EC1A611}.Debug|Any CPU.Build.0 = Debug|Any CPU
		{1B3F3DB1-EA7D-4056-88E6-ECC77EC1A611}.Release|Any CPU.ActiveCfg = Release|Any CPU
		{1B3F3DB1-EA7D-4056-88E6-ECC77EC1A611}.Release|Any CPU.Build.0 = Release|Any CPU
		{901C9E75-4824-4B18-8DFC-F602BA4909BE}.Debug|Any CPU.ActiveCfg = Debug|Any CPU
		{901C9E75-4824-4B18-8DFC-F602BA4909BE}.Debug|Any CPU.Build.0 = Debug|Any CPU
		{901C9E75-4824-4B18-8DFC-F602BA4909BE}.Release|Any CPU.ActiveCfg = Release|Any CPU
		{901C9E75-4824-4B18-8DFC-F602BA4909BE}.Release|Any CPU.Build.0 = Release|Any CPU
	EndGlobalSection
	GlobalSection(SolutionProperties) = preSolution
		HideSolutionNode = FALSE
	EndGlobalSection
	GlobalSection(NestedProjects) = preSolution
		{7371650E-7AF6-491C-B302-61BFC02C473A} = {C7993FFB-7678-4FC9-9748-1207C9EC47F2}
		{4FCAED83-5FB3-427D-AC70-5CB4005B29C1} = {C7993FFB-7678-4FC9-9748-1207C9EC47F2}
		{A3E71151-E669-4468-9431-BF9071C16718} = {C7993FFB-7678-4FC9-9748-1207C9EC47F2}
		{77545DA5-AA72-453C-8E5F-BC6C0FD0CA58} = {1BDA9EE8-11EE-440A-BA41-ADD31846FFF7}
		{E60EFC8A-E1B4-48FB-B050-3A49A2A269B0} = {1BDA9EE8-11EE-440A-BA41-ADD31846FFF7}
		{D19F496D-1E0F-4130-8700-A0DBCAA01115} = {1BDA9EE8-11EE-440A-BA41-ADD31846FFF7}
		{18DAA06D-D925-4340-B10D-A76695D97F1E} = {F6320934-4554-415D-B160-7951DCB7ABA9}
		{C003383C-A64A-43BA-91CB-F11B39835B63} = {F6320934-4554-415D-B160-7951DCB7ABA9}
		{AF6D8705-1B28-43AD-A53A-D5101E635AE1} = {F6320934-4554-415D-B160-7951DCB7ABA9}
		{B4DA4A7E-6370-47AC-A199-4696CEE60AC7} = {9C63A850-D5EB-4ED5-AEDA-3C7FF30AD4A0}
		{8DF06D69-65EF-40C7-B6CB-4C858B871F26} = {9C63A850-D5EB-4ED5-AEDA-3C7FF30AD4A0}
		{A4E8FE9A-04C9-4941-AEB2-57044131598C} = {9C63A850-D5EB-4ED5-AEDA-3C7FF30AD4A0}
		{61D62BB1-0DE9-46D6-BF73-0FD20199F9B2} = {4F83D042-5998-41B8-ADAA-E63289EA1CEA}
		{87EB4B6A-85D2-4957-8830-7C76649A9E21} = {4F83D042-5998-41B8-ADAA-E63289EA1CEA}
		{8ACAB8D7-DB75-4A16-9092-96177A56E17A} = {4F83D042-5998-41B8-ADAA-E63289EA1CEA}
		{C292B338-6326-4969-8779-832218E10E6B} = {8EC647C3-1FFA-468A-9A09-172B018DE4EE}
		{1B3F3DB1-EA7D-4056-88E6-ECC77EC1A611} = {8EC647C3-1FFA-468A-9A09-172B018DE4EE}
		{901C9E75-4824-4B18-8DFC-F602BA4909BE} = {8EC647C3-1FFA-468A-9A09-172B018DE4EE}
	EndGlobalSection
	GlobalSection(ExtensibilityGlobals) = postSolution
		SolutionGuid = {C2B16EF7-3B5B-450F-AE58-0892924CD001}
	EndGlobalSection
EndGlobal
